
Microsoft Visual Studio Solution File, Format Version 12.00
# Visual Studio Version 17
VisualStudioVersion = 17.5.33424.131
MinimumVisualStudioVersion = 10.0.40219.1
Project("{FAE04EC0-301F-11D3-BF4B-00C04F79EFBC}") = "College", "College\College.csproj", "{3003F33E-886B-4E6F-858E-97535137F066}"
EndProject
Project("{FAE04EC0-301F-11D3-BF4B-00C04F79EFBC}") = "Cls_Uteis", "Cls_Uteis\Cls_Uteis.csproj", "{33B001BA-2FBE-49D7-8359-E08A493EFF3B}"
EndProject
Global
	GlobalSection(SolutionConfigurationPlatforms) = preSolution
		Debug|Any CPU = Debug|Any CPU
		Release|Any CPU = Release|Any CPU
	EndGlobalSection
	GlobalSection(ProjectConfigurationPlatforms) = postSolution
		{3003F33E-886B-4E6F-858E-97535137F066}.Debug|Any CPU.ActiveCfg = Debug|Any CPU
		{3003F33E-886B-4E6F-858E-97535137F066}.Debug|Any CPU.Build.0 = Debug|Any CPU
		{3003F33E-886B-4E6F-858E-97535137F066}.Release|Any CPU.ActiveCfg = Release|Any CPU
		{3003F33E-886B-4E6F-858E-97535137F066}.Release|Any CPU.Build.0 = Release|Any CPU
		{33B001BA-2FBE-49D7-8359-E08A493EFF3B}.Debug|Any CPU.ActiveCfg = Debug|Any CPU
		{33B001BA-2FBE-49D7-8359-E08A493EFF3B}.Debug|Any CPU.Build.0 = Debug|Any CPU
		{33B001BA-2FBE-49D7-8359-E08A493EFF3B}.Release|Any CPU.ActiveCfg = Release|Any CPU
		{33B001BA-2FBE-49D7-8359-E08A493EFF3B}.Release|Any CPU.Build.0 = Release|Any CPU
	EndGlobalSection
	GlobalSection(SolutionProperties) = preSolution
		HideSolutionNode = FALSE
	EndGlobalSection
	GlobalSection(ExtensibilityGlobals) = postSolution
		SolutionGuid = {153C7138-4C2A-4C38-B85D-8A9F749A04F9}
	EndGlobalSection
EndGlobal
